{
  "name": "event-beast",
  "version": "0.1.0",
  "lockfileVersion": 3,
  "requires": true,
  "packages": {
    "": {
      "name": "event-beast",
      "version": "0.1.0",
      "dependencies": {
        "@fontsource-variable/dm-sans": "5.3.0",
        "@fontsource/barlow-condensed": "5.3.0",
        "@radix-ui/react-dialog": "1.1.23",
        "@supabase/ssr": "0.12.7",
        "@supabase/supabase-js": "2.117.0",
        "lucide-react": "1.47.0",
        "next": "16.3.6",
        "papaparse": "5.7.0",
        "react": "19.3.0",
        "react-dom": "19.3.0",
        "server-only": "0.0.1",
        "sharp": "0.35.4",
        "zod": "4.6.5"
      },
      "devDependencies": {
        "@axe-core/playwright": "4.13.0",
        "@electric-sql/pglite": "0.5.8",
        "@playwright/test": "1.63.0",
        "@types/node": "26.6.2",
        "@types/papaparse": "5.5.2",
        "@types/react": "19.3.0",
        "@types/react-dom": "19.3.0",
        "eslint": "9.39.5",
        "eslint-config-next": "16.3.6",
        "typescript": "6.0.3",
        "vitest": "5.0.1"
      },
      "engines": {
        "node": "22.x"
      }
    },
    "node_modules/@axe-core/playwright": {
      "version": "4.13.0",
      "resolved": "https://registry.npmjs.org/@axe-core/playwright/-/playwright-4.13.0.tgz",
      "integrity": "sha512-6YLx+kxXu5GJceG4ozFg+33a2EMTdjYwWGloJ3sb9Kta5pp+ZNS53uxGVog5JetIY8s++P5UrtX+cri+u0VAVg==",
      "dev": true,
      "license": "MPL-2.0",
      "dependencies": {
        "axe-core": "~4.13.0"
      },
      "peerDependencies": {
        "playwright-core": ">= 1.0.0"
      }
    },
    "node_modules/@babel/code-frame": {
      "version": "7.29.7",
      "resolved": "https://registry.npmjs.org/@babel/code-frame/-/code-frame-7.29.7.tgz",
      "integrity": "sha512-Aup7aUOfpbAUg2ROOJN6Iw5f9DMBlzu0mIkm/malLQFN/YQgO48wCj0Kxa3sEHJvPVFg7siR+qRInwXd2qhQKw==",
      "dev": true,
      "license": "MIT",
      "dependencies": {
        "@babel/helper-validator-identifier": "^7.29.7",
        "js-tokens": "^4.0.0",
        "picocolors": "^1.1.1"
      },
      "engines": {
        "node": ">=6.9.0"
      }
    },
    "node_modules/@babel/compat-data": {
      "version": "7.29.7",
      "resolved": "https://registry.npmjs.org/@babel/compat-data/-/compat-data-7.29.7.tgz",
      "integrity": "sha512-locTkQyKvwIEgBzVrn8693ebc97F2U8ZHjbXwDXJ5Fn2TCpNwTlKcaKLkdHop5c/icOFE7qt7Q9JC5hnKNa6Gg==",
      "dev": true,
      "license": "MIT",
      "engines": {
        "node": ">=6.9.0"
      }
    },
    "node_modules/@babel/core": {
      "version": "7.29.7",
      "resolved": "https://registry.npmjs.org/@babel/core/-/core-7.29.7.tgz",
      "integrity": "sha512-RgHBCvtjbOK2gXSNBNIkNoEc9qoVEtau3hj8gEqKQuL3HZAibKarWFEI3Lfm6EYKkLalOh8eSrj9b+ch9H/VBA==",
      "dev": true,
      "license": "MIT",
      "dependencies": {
        "@babel/code-frame": "^7.29.7",
        "@babel/generator": "^7.29.7",
        "@babel/helper-compilation-targets": "^7.29.7",
        "@babel/helper-module-transforms": "^7.29.7",
        "@babel/helpers": "^7.29.7",
        "@babel…137524 tokens truncated…one: true }, directoryAllowed: true });
              }
              if (path === "/api/moderation" && route.request().method() === "POST") {
                const body = route.request().postDataJSON();
                await db.query("select public.set_attendee_block($1,$2,$3)", [ids.event, body.target, body.blocked]);
                return respond(route, { saved: true });
              }
              if (path !== `/api/inbox/${threadId}`) return respond(route, { error: "Fixture endpoint unavailable" }, 404);
              const authorized = (await db.query<{ allowed: boolean }>("select public.can_read_conversation($1,$2) as allowed", [ids.event, threadId])).rows[0].allowed;
              if (!authorized) return respond(route, { error: "Conversation access denied" }, 403);
              const method = route.request().method();
              if (method === "POST") {
                sendAttempts += 1;
                const body = route.request().postDataJSON();
                const message = (await db.query<Message>("select m.* from public.send_message($1,$2,$3,$4) m", [ids.event, threadId, body.client_id, body.body])).rows[0];
                if (user === ids.alice && loseNextAliceResponse) {
                  loseNextAliceResponse = false;
                  return route.abort("failed");
                }
                return respond(route, { message }, 201);
              }
              if (method === "PATCH") {
                await db.query("select public.mark_conversation_read($1,$2,$3)", [ids.event, threadId, route.request().postDataJSON().lastReadId]);
                return respond(route, { saved: true });
              }
              return respond(route, await threadResponse(db, attendee, threadId, url));
            });
          } catch (error) {
            return respond(route, { error: error instanceof Error ? error.message : "Fixture error" }, 403);
          }
        });
      });
    }

    const alice = await browser.newContext({ viewport: { width: 390, height: 844 }, isMobile: true, hasTouch: true, serviceWorkers: "block" });
    const bob = await browser.newContext({ viewport: { width: 1280, height: 900 }, serviceWorkers: "block" });
    contexts.push(alice, bob);
    await mount(alice, ids.alice, ids.aliceAttendee);
    await mount(bob, ids.bob, ids.bobAttendee);
    const a = await alice.newPage();
    const b = await bob.newPage();
    await a.goto(`/inbox/${threadId}`); await b.goto(`/inbox/${threadId}`);
    // Replace the intentionally static demo bootstrap with the live-shaped
    // guide fixture through the same refresh path as the production app.
    await a.evaluate(() => window.dispatchEvent(new Event("focus")));
    await b.evaluate(() => window.dispatchEvent(new Event("focus")));
    await expect(a.getByLabel("Your message", { exact: true })).toBeEnabled();
    await expect(b.getByLabel("Your message", { exact: true })).toBeEnabled();

    await a.getByLabel("Your message", { exact: true }).fill("Hello from the phone browser");
    await a.getByRole("button", { name: "Send message", exact: true }).click();
    await expect(a.getByText("Not sent", { exact: true })).toBeVisible();
    expect((await serialized(() => db.query("select id from public.messages"))).rows).toHaveLength(1);
    await a.getByRole("button", { name: "Retry", exact: true }).click();
    await expect(a.getByText("Not sent", { exact: true })).toHaveCount(0);
    await expect(a.locator(".message-bubble", { hasText: "Hello from the phone browser" })).toHaveCount(1);
    expect(sendAttempts).toBe(2);
    expect((await serialized(() => db.query("select id from public.messages"))).rows).toHaveLength(1);

    await b.evaluate(() => window.dispatchEvent(new Event("focus")));
    await expect(b.locator(".message-bubble", { hasText: "Hello from the phone browser" })).toBeVisible();
    await bob.setOffline(true);
    await expect(b.getByLabel("Your message", { exact: true })).toBeDisabled();
    await a.getByLabel("Your message", { exact: true }).fill("Saved while your connection is away");
    await a.getByRole("button", { name: "Send message", exact: true }).click();
    await expect(a.locator(".message-row.mine .message-meta").last()).toContainText("Sent");
    await bob.setOffline(false);
    await expect(b.locator(".message-bubble", { hasText: "Saved while your connection is away" })).toBeVisible();

    // A peer message is committed without broadcasting to Alice. Her next send
    // is acknowledged first; catching up must still fetch the intervening row.
    await serialized(() => asUser(db, ids.bob, () => db.query("select public.send_message($1,$2,gen_random_uuid(),'Incoming message before your reply')", [ids.event, threadId])));
    await a.getByLabel("Your message", { exact: true }).fill("Reply acknowledged before catch-up");
    await a.getByRole("button", { name: "Send message", exact: true }).click();
    await expect(a.locator(".message-bubble", { hasText: "Incoming message before your reply" })).toBeVisible();
    await expect(a.locator(".message-bubble", { hasText: "Reply acknowledged before catch-up" })).toHaveCount(1);

    await b.reload();
    await b.evaluate(() => window.dispatchEvent(new Event("focus")));
    await expect(b.locator(".message-bubble")).toHaveCount(4);
    await b.getByRole("button", { name: "Conversation options" }).click();
    await b.getByRole("button", { name: "Block", exact: true }).click();
    await b.getByRole("button", { name: "Block attendee", exact: true }).click();
    await expect(b.getByLabel("Your message", { exact: true })).toBeDisabled();
    await a.getByLabel("Your message", { exact: true }).fill("This must be refused after the block");
    await a.getByRole("button", { name: "Send message", exact: true }).click();
    await expect(a.getByText("Not sent", { exact: true })).toBeVisible();
    expect((await serialized(() => db.query("select id from public.messages"))).rows).toHaveLength(4);
  } finally {
    await Promise.all(contexts.map((context) => context.close()));
    await queue;
    await db.close();
  }
});

function respond(route: Route, data: unknown, status = 200) {
  return route.fulfill({ status, contentType: "application/json", headers: { "Cache-Control": "private, no-store" }, body: JSON.stringify(data) });
}

async function threadResponse(db: PGlite, attendee: string, conversation: string, url: URL) {
  const peerId = attendee === ids.aliceAttendee ? ids.bobAttendee : ids.aliceAttendee;
  const after = url.searchParams.get("after");
  const before = url.searchParams.get("before");
  const result = await db.query<Message>(`select * from public.messages where event_id=$1 and conversation_id=$2${after !== null ? " and id > $3" : before !== null ? " and id < $3" : ""} order by id ${after !== null ? "asc" : "desc"} limit 51`, [ids.event, conversation, ...(after !== null || before !== null ? [Number(after ?? before)] : [])]);
  const profile = (await db.query<{ full_name: string }>("select full_name from public.attendee_profiles where attendee_id=$1", [peerId])).rows[0];
  const block = (await db.query("select blocked_id from public.blocks where event_id=$1 and blocker_id=$2 and blocked_id=$3", [ids.event, attendee, peerId])).rows[0];
  const read = (await db.query<{ last_read_id: number }>("select last_read_id from public.conversation_reads where event_id=$1 and conversation_id=$2 and attendee_id=$3", [ids.event, conversation, peerId])).rows[0];
  const messages = result.rows.slice(0, 50);
  return { messages: after !== null ? messages : messages.reverse(), hasMore: result.rows.length > 50, peer: { id: peerId, name: profile?.full_name ?? "Private attendee" }, blockedByMe: Boolean(block), peerReadId: Number(read?.last_read_id ?? 0) };
}
